
Microsoft Visual Studio Solution File, Format Version 12.00
# Visual Studio Version 17
VisualStudioVersion = 17.0.31903.59
MinimumVisualStudioVersion = 10.0.40219.1
Project("{9A19103F-16F7-4668-BE54-9A1E7A4F7556}") = "ShoppingApp", "ShoppingApp\ShoppingApp.csproj", "{DD0B04DD-EC58-4ECF-831D-169890D7F269}"
EndProject
Project("{FAE04EC0-301F-11D3-BF4B-00C04F79EFBC}") = "ShoppingAppTest", "ShoppingAppTest\ShoppingAppTest.csproj", "{A1C9ED5B-CC0E-4FFC-A815-B951F7184D8F}"
EndProject
Global
	GlobalSection(SolutionConfigurationPlatforms) = preSolution
		Debug|Any CPU = Debug|Any CPU
		Release|Any CPU = Release|Any CPU
	EndGlobalSection
	GlobalSection(ProjectConfigurationPlatforms) = postSolution
		{DD0B04DD-EC58-4ECF-831D-169890D7F269}.Debug|Any CPU.ActiveCfg = Debug|Any CPU
		{DD0B04DD-EC58-4ECF-831D-169890D7F269}.Debug|Any CPU.Build.0 = Debug|Any CPU
		{DD0B04DD-EC58-4ECF-831D-169890D7F269}.Release|Any CPU.ActiveCfg = Release|Any CPU
		{DD0B04DD-EC58-4ECF-831D-169890D7F269}.Release|Any CPU.Build.0 = Release|Any CPU
		{A1C9ED5B-CC0E-4FFC-A815-B951F7184D8F}.Debug|Any CPU.ActiveCfg = Debug|Any CPU
		{A1C9ED5B-CC0E-4FFC-A815-B951F7184D8F}.Debug|Any CPU.Build.0 = Debug|Any CPU
		{A1C9ED5B-CC0E-4FFC-A815-B951F7184D8F}.Release|Any CPU.ActiveCfg = Release|Any CPU
		{A1C9ED5B-CC0E-4FFC-A815-B951F7184D8F}.Release|Any CPU.Build.0 = Release|Any CPU
	EndGlobalSection
	GlobalSection(SolutionProperties) = preSolution
		HideSolutionNode = FALSE
	EndGlobalSection
	GlobalSection(ExtensibilityGlobals) = postSolution
		SolutionGuid = {EF8A659F-CBE2-4086-8B00-E8A878F67390}
	EndGlobalSection
EndGlobal
